
Microsoft Visual Studio Solution File, Format Version 12.00
# Visual Studio Version 16
VisualStudioVersion = 16.0.30225.117
MinimumVisualStudioVersion = 10.0.40219.1
Project("{9A19103F-16F7-4668-BE54-9A1E7A4F7556}") = "Cedita.Essence", "Cedita.Essence\Cedita.Essence.csproj", "{9254DE62-AADC-436C-8D23-F93821182AAC}"
EndProject
Project("{2150E333-8FDC-42A3-9474-1A3956D46DE8}") = "Solution Items", "Solution Items", "{E9FC883D-C62D-4FE4-8085-285672F0A349}"
	ProjectSection(SolutionItems) = preProject
		Cedita.ruleset = Cedita.ruleset
		stylecop.json = stylecop.json
	EndProjectSection
EndProject
Project("{9A19103F-16F7-4668-BE54-9A1E7A4F7556}") = "Cedita.Essence.Tests", "Cedita.Essence.Tests\Cedita.Essence.Tests.csproj", "{58C08A3E-6C05-4226-BEC8-D497DFCF5EF1}"
EndProject
Project("{9A19103F-16F7-4668-BE54-9A1E7A4F7556}") = "Cedita.Essence.AspNetCore", "Cedita.Essence.AspNetCore\Cedita.Essence.AspNetCore.csproj", "{8FD495AA-11CF-49D6-B98F-C214D68F1A07}"
EndProject
Project("{9A19103F-16F7-4668-BE54-9A1E7A4F7556}") = "Cedita.Essence.Abstractions", "Cedita.Essence.Abstractions\Cedita.Essence.Abstractions.csproj", "{678AE870-6950-47A8-AD52-CC3465C3E853}"
EndProject
Project("{9A19103F-16F7-4668-BE54-9A1E7A4F7556}") = "Cedita.Essence.DependencyInjection", "Cedita.Essence.DependencyInjection\Cedita.Essence.DependencyInjection.csproj", "{E7139E33-B8F6-4C58-8FD8-1ECFECB3C86A}"
EndProject
Project("{9A19103F-16F7-4668-BE54-9A1E7A4F7556}") = "Cedita.Essence.EntityFrameworkCore", "Cedita.Essence.EntityFrameworkCore\Cedita.Essence.EntityFrameworkCore.csproj", "{C5A4A536-E714-437C-8357-7CF23C7E85C5}"
EndProject
Project("{FAE04EC0-301F-11D3-BF4B-00C04F79EFBC}") = "Cedita.Essense.Mobile.UWP", "Cedita.Essense.Mobile\Cedita.Essense.Mobile.UWP\Cedita.Essense.Mobile.UWP.csproj", "{7641CE41-F744-4E87-BE78-3B6B5C384F4D}"
EndProject
Project("{FAE04EC0-301F-11D3-BF4B-00C04F79EFBC}") = "Cedita.Essense.Mobile.Android", "Cedita.Essense.Mobile\Cedita.Essense.Mobile.Android\Cedita.Essense.Mobile.Android.csproj", "{C1DB3F54-E81B-4B61-917D-F1FE90215375}"
EndProject
Project("{FAE04EC0-301F-11D3-BF4B-00C04F79EFBC}") = "Cedita.Essense.Mobile.iOS", "Cedita.Essense.Mobile\Cedita.Essense.Mobile.iOS\Cedita.Essense.Mobile.iOS.csproj", "{D4CDA8F6-06E4-4E5E-8692-88513DC29F77}"
EndProject
Project("{FAE04EC0-301F-11D3-BF4B-00C04F79EFBC}") = "Cedita.Essense.Mobile", "Cedita.Essense.Mobile\Cedita.Essense.Mobile\Cedita.Essense.Mobile.csproj", "{FB56E3DA-E439-4AA5-BAF8-F937F9565EB5}"
EndProject
Global
	GlobalSection(SolutionConfigurationPlatforms) = preSolution
		Debug|Any CPU = Debug|Any CPU
		Debug|ARM = Debug|ARM
		Debug|iPhone = Debug|iPhone
		Debug|iPhoneSimulator = Debug|iPhoneSimulator
		Debug|x64 = Debug|x64
		Debug|x86 = Debug|x86
		Release|Any CPU = Release|Any CPU
		Release|ARM = Release|ARM
		Release|iPhone = Release|iPhone
		Release|iPhoneSimulator = Release|iPhoneSimulator
		Release|x64 = Release|x64
		Release|x86 = Release|x86
	EndGlobalSection
	GlobalSection(ProjectConfigurationPlatforms) = postSolution
		{9254DE62-AADC-436C-8D23-F93821182AAC}.Debug|Any CPU.ActiveCfg = Debug|Any CPU
		{9254DE62-AADC-436C-8D23-F93821182AAC}.Debug|Any CPU.Build.0 = Debug|Any CPU
		{9254DE62-AADC-436C-8D23-F93821182AAC}.Debug|ARM.ActiveCfg = Debug|Any CPU
		{9254DE62-AADC-436C-8D23-F93821182AAC}.Debug|ARM.Build.0 = Debug|Any CPU
		{9254DE62-AADC-436C-8D23-F93821182AAC}.Debug|iPhone.ActiveCfg = Debug|Any CPU
		{9254DE62-AADC-436C-8D23-F93821182AAC}.Debug|iPhone.Build.0 = Debug|Any CPU
		{9254DE62-AADC-436C-8D23-F93821182AAC}.Debug|iPhoneSimulator.ActiveCfg = Debug|Any CPU
		{9254DE62-AADC-436C-8D23-F93821182AAC}.Debug|iPhoneSimulator.Build.0 = Debug|Any CPU
		{9254DE62-AADC-436C-8D23-F93821182AAC}.Debug|x64.ActiveCfg = Debug|Any CPU
		{9254DE62-AADC-436C-8D23-F93821182AAC}.Debug|x64.Build.0 = Debug|Any CPU
		{9254DE62-AADC-436C-8D23-F93821182AAC}.Debug|x86.ActiveCfg = Debug|Any CPU
		{9254DE62-AADC-436C-8D23-F93821182AAC}.Debug|x86.Build.0 = Debug|Any CPU
		{9254DE62-AADC-436C-8D23-F93821182AAC}.Release|Any CPU.ActiveCfg = Release|Any CPU
		{9254DE62-AADC-436C-8D23-F93821182AAC}.Release|Any CPU.Build.0 = Release|Any CPU
		{9254DE62-AADC-436C-8D23-F93821182AAC}.Release|ARM.ActiveCfg = Release|Any CPU
		{9254DE62-AADC-436C-8D23-F93821182AAC}.Release|ARM.Build.0 = Release|Any CPU
		{9254DE62-AADC-436C-8D23-F93821182AAC}.Release|iPhone.ActiveCfg = Release|Any CPU
		{9254DE62-AADC-436C-8D23-F93821182AAC}.Release|iPhone.Build.0 = Release|Any CPU
		{9254DE62-AADC-436C-8D23-F93821182AAC}.Release|iPhoneSimulator.ActiveCfg = Release|Any CPU
		{9254DE62-AADC-436C-8D23-F93821182AAC}.Release|iPhoneSimulator.Build.0 = Release|Any CPU
		{9254DE62-AADC-436C-8D23-F93821182AAC}.Release|x64.ActiveCfg = Release|Any CPU
		{9254DE62-AADC-436C-8D23-F93821182AAC}.Release|x64.Build.0 = Release|Any CPU
		{9254DE62-AADC-436C-8D23-F93821182AAC}.Release|x86.ActiveCfg = Release|Any CPU
		{9254DE62-AADC-436C-8D23-F93821182AAC}.Release|x86.Build.0 = Release|Any CPU
		{58C08A3E-6C05-4226-BEC8-D497DFCF5EF1}.Debug|Any CPU.ActiveCfg = Debug|Any CPU
		{58C08A3E-6C05-4226-BEC8-D497DFCF5EF1}.Debug|Any CPU.Build.0 = Debug|Any CPU
		{58C08A3E-6C05-4226-BEC8-D497DFCF5EF1}.Debug|ARM.ActiveCfg = Debug|Any CPU
		{58C08A3E-6C05-4226-BEC8-D497DFCF5EF1}.Debug|ARM.Build.0 = Debug|Any CPU
		{58C08A3E-6C05-4226-BEC8-D497DFCF5EF1}.Debug|iPhone.ActiveCfg = Debug|Any CPU
		{58C08A3E-6C05-4226-BEC8-D497DFCF5EF1}.Debug|iPhone.Build.0 = Debug|Any CPU
		{58C08A3E-6C05-4226-BEC8-D497DFCF5EF1}.Debug|iPhoneSimulator.ActiveCfg = Debug|Any CPU
		{58C08A3E-6C05-4226-BEC8-D497DFCF5EF1}.Debug|iPhoneSimulator.Build.0 = Debug|Any CPU
		{58C08A3E-6C05-4226-BEC8-D497DFCF5EF1}.Debug|x64.ActiveCfg = Debug|Any CPU
		{58C08A3E-6C05-4226-BEC8-D497DFCF5EF1}.Debug|x64.Build.0 = Debug|Any CPU
		{58C08A3E-6C05-4226-BEC8-D497DFCF5EF1}.Debug|x86.ActiveCfg = Debug|Any CPU
		{58C08A3E-6C05-4226-BEC8-D497DFCF5EF1}.Debug|x86.Build.0 = Debug|Any CPU
		{58C08A3E-6C05-4226-BEC8-D497DFCF5EF1}.Release|Any CPU.ActiveCfg = Release|Any CPU
		{58C08A3E-6C05-4226-BEC8-D497DFCF5EF1}.Release|Any CPU.Build.0 = Release|Any CPU
		{58C08A3E-6C05-4226-BEC8-D497DFCF5EF1}.Release|ARM.ActiveCfg = Release|Any CPU
		{58C08A3E-6C05-4226-BEC8-D497DFCF5EF1}.Release|ARM.Build.0 = Release|Any CPU
		{58C08A3E-6C05-4226-BEC8-D497DFCF5EF1}.Release|iPhone.ActiveCfg = Release|Any CPU
		{58C08A3E-6C05-4226-BEC8-D497DFCF5EF1}.Release|iPhone.Build.0 = Release|Any CPU
		{58C08A3E-6C05-4226-BEC8-D497DFCF5EF1}.Release|iPhoneSimulator.ActiveCfg = Release|Any CPU
		{58C08A3E-6C05-4226-BEC8-D497DFCF5EF1}.Release|iPhoneSimulator.Build.0 = Release|Any CPU
		{58C08A3E-6C05-4226-BEC8-D497DFCF5EF1}.Release|x64.ActiveCfg = Release|Any CPU
		{58C08A3E-6C05-4226-BEC8-D497DFCF5EF1}.Release|x64.Build.0 = Release|Any CPU
		{58C08A3E-6C05-4226-BEC8-D497DFCF5EF1}.Release|x86.ActiveCfg = Release|Any CPU
		{58C08A3E-6C05-4226-BEC8-D497DFCF5EF1}.Release|x86.Build.0 = Release|Any CPU
		{8FD495AA-11CF-49D6-B98F-C214D68F1A07}.Debug|Any CPU.ActiveCfg = Debug|Any CPU
		{8FD495AA-11CF-49D6-B98F-C214D68F1A07}.Debug|Any CPU.Build.0 = Debug|Any CPU
		{8FD495AA-11CF-49D6-B98F-C214D68F1A07}.Debug|ARM.ActiveCfg = Debug|Any CPU
		{8FD495AA-11CF-49D6-B98F-C214D68F1A07}.Debug|ARM.Build.0 = Debug|Any CPU
		{8FD495AA-11CF-49D6-B98F-C214D68F1A07}.Debug|iPhone.ActiveCfg = Debug|Any CPU
		{8FD495AA-11CF-49D6-B98F-C214D68F1A07}.Debug|iPhone.Build.0 = Debug|Any CPU
		{8FD495AA-11CF-49D6-B98F-C214D68F1A07}.Debug|iPhoneSimulator.ActiveCfg = Debug|Any CPU
		{8FD495AA-11CF-49D6-B98F-C214D68F1A07}.Debug|iPhoneSimulator.Build.0 = Debug|Any CPU
		{8FD495AA-11CF-49D6-B98F-C214D68F1A07}.Debug|x64.ActiveCfg = Debug|Any CPU
		{8FD495AA-11CF-49D6-B98F-C214D68F1A07}.Debug|x64.Build.0 = Debug|Any CPU
		{8FD495AA-11CF-49D6-B98F-C214D68F1A07}.Debug|x86.ActiveCfg = Debug|Any CPU
		{8FD495AA-11CF-49D6-B98F-C214D68F1A07}.Debug|x86.Build.0 = Debug|Any CPU
		{8FD495AA-11CF-49D6-B98F-C214D68F1A07}.Release|Any CPU.ActiveCfg = Release|Any CPU
		{8FD495AA-11CF-49D6-B98F-C214D68F1A07}.Release|Any CPU.Build.0 = Release|Any CPU
		{8FD495AA-11CF-49D6-B98F-C214D68F1A07}.Release|ARM.ActiveCfg = Release|Any CPU
		{8FD495AA-11CF-49D6-B98F-C214D68F1A07}.Release|ARM.Build.0 = Release|Any CPU
		{8FD495AA-11CF-49D6-B98F-C214D68F1A07}.Release|iPhone.ActiveCfg = Release|Any CPU
		{8FD495AA-11CF-49D6-B98F-C214D68F1A07}.Release|iPhone.Build.0 = Release|Any CPU
		{8FD495AA-11CF-49D6-B98F-C214D68F1A07}.Release|iPhoneSimulator.ActiveCfg = Release|Any CPU
		{8FD495AA-11CF-49D6-B98F-C214D68F1A07}.Release|iPhoneSimulator.Build.0 = Release|Any CPU
		{8FD495AA-11CF-49D6-B98F-C214D68F1A07}.Release|x64.ActiveCfg = Release|Any CPU
		{8FD495AA-11CF-49D6-B98F-C214D68F1A07}.Release|x64.Build.0 = Release|Any CPU
		{8FD495AA-11CF-49D6-B98F-C214D68F1A07}.Release|x86.ActiveCfg = Release|Any CPU
		{8FD495AA-11CF-49D6-B98F-C214D68F1A07}.Release|x86.Build.0 = Release|Any CPU
		{678AE870-6950-47A8-AD52-CC3465C3E853}.Debug|Any CPU.ActiveCfg = Debug|Any CPU
		{678AE870-6950-47A8-AD52-CC3465C3E853}.Debug|Any CPU.Build.0 = Debug|Any CPU
		{678AE870-6950-47A8-AD52-CC3465C3E853}.Debug|ARM.ActiveCfg = Debug|Any CPU
		{678AE870-6950-47A8-AD52-CC3465C3E853}.Debug|ARM.Build.0 = Debug|Any CPU
		{678AE870-6950-47A8-AD52-CC3465C3E853}.Debug|iPhone.ActiveCfg = Debug|Any CPU
		{678AE870-6950-47A8-AD52-CC3465C3E853}.Debug|iPhone.Build.0 = Debug|Any CPU
		{678AE870-6950-47A8-AD52-CC3465C3E853}.Debug|iPhoneSimulator.ActiveCfg = Debug|Any CPU
		{678AE870-6950-47A8-AD52-CC3465C3E853}.Debug|iPhoneSimulator.Build.0 = Debug|Any CPU
		{678AE870-6950-47A8-AD52-CC3465C3E853}.Debug|x64.ActiveCfg = Debug|Any CPU
		{678AE870-6950-47A8-AD52-CC3465C3E853}.Debug|x64.Build.0 = Debug|Any CPU
		{678AE870-6950-47A8-AD52-CC3465C3E853}.Debug|x86.ActiveCfg = Debug|Any CPU
		{678AE870-6950-47A8-AD52-CC3465C3E853}.Debug|x86.Build.0 = Debug|Any CPU
		{678AE870-6950-47A8-AD52-CC3465C3E853}.Release|Any CPU.ActiveCfg = Release|Any CPU
		{678AE870-6950-47A8-AD52-CC3465C3E853}.Release|Any CPU.Build.0 = Release|Any CPU
		{678AE870-6950-47A8-AD52-CC3465C3E853}.Release|ARM.ActiveCfg = Release|Any CPU
		{678AE870-6950-47A8-AD52-CC3465C3E853}.Release|ARM.Build.0 = Release|Any CPU
		{678AE870-6950-47A8-AD52-CC3465C3E853}.Release|iPhone.ActiveCfg = Release|Any CPU
		{678AE870-6950-47A8-AD52-CC3465C3E853}.Release|iPhone.Build.0 = Release|Any CPU
		{678AE870-6950-47A8-AD52-CC3465C3E853}.Release|iPhoneSimulator.ActiveCfg = Release|Any CPU
		{678AE870-6950-47A8-AD52-CC3465C3E853}.Release|iPhoneSimulator.Build.0 = Release|Any CPU
		{678AE870-6950-47A8-AD52-CC3465C3E853}.Release|x64.ActiveCfg = Release|Any CPU
		{678AE870-6950-47A8-AD52-CC3465C3E853}.Release|x64.Build.0 = Release|Any CPU
		{678AE870-6950-47A8-AD52-CC3465C3E853}.Release|x86.ActiveCfg = Release|Any CPU
		{678AE870-6950-47A8-AD52-CC3465C3E853}.Release|x86.Build.0 = Release|Any CPU
		{E7139E33-B8F6-4C58-8FD8-1ECFECB3C86A}.Debug|Any CPU.ActiveCfg = Debug|Any CPU
		{E7139E33-B8F6-4C58-8FD8-1ECFECB3C86A}.Debug|Any CPU.Build.0 = Debug|Any CPU
		{E7139E33-B8F6-4C58-8FD8-1ECFECB3C86A}.Debug|ARM.ActiveCfg = Debug|Any CPU
		{E7139E33-B8F6-4C58-8FD8-1ECFECB3C86A}.Debug|ARM.Build.0 = Debug|Any CPU
		{E7139E33-B8F6-4C58-8FD8-1ECFECB3C86A}.Debug|iPhone.ActiveCfg = Debug|Any CPU
		{E7139E33-B8F6-4C58-8FD8-1ECFECB3C86A}.Debug|iPhone.Build.0 = Debug|Any CPU
		{E7139E33-B8F6-4C58-8FD8-1ECFECB3C86A}.Debug|iPhoneSimulator.ActiveCfg = Debug|Any CPU
		{E7139E33-B8F6-4C58-8FD8-1ECFECB3C86A}.Debug|iPhoneSimulator.Build.0 = Debug|Any CPU
		{E7139E33-B8F6-4C58-8FD8-1ECFECB3C86A}.Debug|x64.ActiveCfg = Debug|Any CPU
		{E7139E33-B8F6-4C58-8FD8-1ECFECB3C86A}.Debug|x64.Build.0 = Debug|Any CPU
		{E7139E33-B8F6-4C58-8FD8-1ECFECB3C86A}.Debug|x86.ActiveCfg = Debug|Any CPU
		{E7139E33-B8F6-4C58-8FD8-1ECFECB3C86A}.Debug|x86.Build.0 = Debug|Any CPU
		{E7139E33-B8F6-4C58-8FD8-1ECFECB3C86A}.Release|Any CPU.ActiveCfg = Release|Any CPU
		{E7139E33-B8F6-4C58-8FD8-1ECFECB3C86A}.Release|Any CPU.Build.0 = Release|Any CPU
		{E7139E33-B8F6-4C58-8FD8-1ECFECB3C86A}.Release|ARM.ActiveCfg = Release|Any CPU
		{E7139E33-B8F6-4C58-8FD8-1ECFECB3C86A}.Release|ARM.Build.0 = Release|Any CPU
		{E7139E33-B8F6-4C58-8FD8-1ECFECB3C86A}.Release|iPhone.ActiveCfg = Release|Any CPU
		{E7139E33-B8F6-4C58-8FD8-1ECFECB3C86A}.Release|iPhone.Build.0 = Release|Any CPU
		{E7139E33-B8F6-4C58-8FD8-1ECFECB3C86A}.Release|iPhoneSimulator.ActiveCfg = Release|Any CPU
		{E7139E33-B8F6-4C58-8FD8-1ECFECB3C86A}.Release|iPhoneSimulator.Build.0 = Release|Any CPU
		{E7139E33-B8F6-4C58-8FD8-1ECFECB3C86A}.Release|x64.ActiveCfg = Release|Any CPU
		{E7139E33-B8F6-4C58-8FD8-1ECFECB3C86A}.Release|x64.Build.0 = Release|Any CPU
		{E7139E33-B8F6-4C58-8FD8-1ECFECB3C86A}.Release|x86.ActiveCfg = Release|Any CPU
		{E7139E33-B8F6-4C58-8FD8-1ECFECB3C86A}.Release|x86.Build.0 = Release|Any CPU
		{C5A4A536-E714-437C-8357-7CF23C7E85C5}.Debug|Any CPU.ActiveCfg = Debug|Any CPU
		{C5A4A536-E714-437C-8357-7CF23C7E85C5}.Debug|Any CPU.Build.0 = Debug|Any CPU
		{C5A4A536-E714-437C-8357-7CF23C7E85C5}.Debug|ARM.ActiveCfg = Debug|Any CPU
		{C5A4A536-E714-437C-8357-7CF23C7E85C5}.Debug|ARM.Build.0 = Debug|Any CPU
		{C5A4A536-E714-437C-8357-7CF23C7E85C5}.Debug|iPhone.ActiveCfg = Debug|Any CPU
		{C5A4A536-E714-437C-8357-7CF23C7E85C5}.Debug|iPhone.Build.0 = Debug|Any CPU
		{C5A4A536-E714-437C-8357-7CF23C7E85C5}.Debug|iPhoneSimulator.ActiveCfg = Debug|Any CPU
		{C5A4A536-E714-437C-8357-7CF23C7E85C5}.Debug|iPhoneSimulator.Build.0 = Debug|Any CPU
		{C5A4A536-E714-437C-8357-7CF23C7E85C5}.Debug|x64.ActiveCfg = Debug|Any CPU
		{C5A4A536-E714-437C-8357-7CF23C7E85C5}.Debug|x64.Build.0 = Debug|Any CPU
		{C5A4A536-E714-437C-8357-7CF23C7E85C5}.Debug|x86.ActiveCfg = Debug|Any CPU
		{C5A4A536-E714-437C-8357-7CF23C7E85C5}.Debug|x86.Build.0 = Debug|Any CPU
		{C5A4A536-E714-437C-8357-7CF23C7E85C5}.Release|Any CPU.ActiveCfg = Release|Any CPU
		{C5A4A536-E714-437C-8357-7CF23C7E85C5}.Release|Any CPU.Build.0 = Release|Any CPU
		{C5A4A536-E714-437C-8357-7CF23C7E85C5}.Release|ARM.ActiveCfg = Release|Any CPU
		{C5A4A536-E714-437C-8357-7CF23C7E85C5}.Release|ARM.Build.0 = Release|Any CPU
		{C5A4A536-E714-437C-8357-7CF23C7E85C5}.Release|iPhone.ActiveCfg = Release|Any CPU
		{C5A4A536-E714-437C-8357-7CF23C7E85C5}.Release|iPhone.Build.0 = Release|Any CPU
		{C5A4A536-E714-437C-8357-7CF23C7E85C5}.Release|iPhoneSimulator.ActiveCfg = Release|Any CPU
		{C5A4A536-E714-437C-8357-7CF23C7E85C5}.Release|iPhoneSimulator.Build.0 = Release|Any CPU
		{C5A4A536-E714-437C-8357-7CF23C7E85C5}.Release|x64.ActiveCfg = Release|Any CPU
		{C5A4A536-E714-437C-8357-7CF23C7E85C5}.Release|x64.Build.0 = Release|Any CPU
		{C5A4A536-E714-437C-8357-7CF23C7E85C5}.Release|x86.ActiveCfg = Release|Any CPU
		{C5A4A536-E714-437C-8357-7CF23C7E85C5}.Release|x86.Build.0 = Release|Any CPU
		{7641CE41-F744-4E87-BE78-3B6B5C384F4D}.Debug|Any CPU.ActiveCfg = Debug|x86
		{7641CE41-F744-4E87-BE78-3B6B5C384F4D}.Debug|ARM.ActiveCfg = Debug|ARM
		{7641CE41-F744-4E87-BE78-3B6B5C384F4D}.Debug|ARM.Build.0 = Debug|ARM
		{7641CE41-F744-4E87-BE78-3B6B5C384F4D}.Debug|ARM.Deploy.0 = Debug|ARM
		{7641CE41-F744-4E87-BE78-3B6B5C384F4D}.Debug|iPhone.ActiveCfg = Debug|x86
		{7641CE41-F744-4E87-BE78-3B6B5C384F4D}.Debug|iPhoneSimulator.ActiveCfg = Debug|x86
		{7641CE41-F744-4E87-BE78-3B6B5C384F4D}.Debug|x64.ActiveCfg = Debug|x64
		{7641CE41-F744-4E87-BE78-3B6B5C384F4D}.Debug|x64.Build.0 = Debug|x64
		{7641CE41-F744-4E87-BE78-3B6B5C384F4D}.Debug|x64.Deploy.0 = Debug|x64
		{7641CE41-F744-4E87-BE78-3B6B5C384F4D}.Debug|x86.ActiveCfg = Debug|x86
		{7641CE41-F744-4E87-BE78-3B6B5C384F4D}.Debug|x86.Build.0 = Debug|x86
		{7641CE41-F744-4E87-BE78-3B6B5C384F4D}.Debug|x86.Deploy.0 = Debug|x86
		{7641CE41-F744-4E87-BE78-3B6B5C384F4D}.Release|Any CPU.ActiveCfg = Release|x86
		{7641CE41-F744-4E87-BE78-3B6B5C384F4D}.Release|ARM.ActiveCfg = Release|ARM
		{7641CE41-F744-4E87-BE78-3B6B5C384F4D}.Release|ARM.Build.0 = Release|ARM
		{7641CE41-F744-4E87-BE78-3B6B5C384F4D}.Release|ARM.Deploy.0 = Release|ARM
		{7641CE41-F744-4E87-BE78-3B6B5C384F4D}.Release|iPhone.ActiveCfg = Release|x86
		{7641CE41-F744-4E87-BE78-3B6B5C384F4D}.Release|iPhoneSimulator.ActiveCfg = Release|x86
		{7641CE41-F744-4E87-BE78-3B6B5C384F4D}.Release|x64.ActiveCfg = Release|x64
		{7641CE41-F744-4E87-BE78-3B6B5C384F4D}.Release|x64.Build.0 = Release|x64
		{7641CE41-F744-4E87-BE78-3B6B5C384F4D}.Release|x64.Deploy.0 = Release|x64
		{7641CE41-F744-4E87-BE78-3B6B5C384F4D}.Release|x86.ActiveCfg = Release|x86
		{7641CE41-F744-4E87-BE78-3B6B5C384F4D}.Release|x86.Build.0 = Release|x86
		{7641CE41-F744-4E87-BE78-3B6B5C384F4D}.Release|x86.Deploy.0 = Release|x86
		{C1DB3F54-E81B-4B61-917D-F1FE90215375}.Debug|Any CPU.ActiveCfg = Debug|Any CPU
		{C1DB3F54-E81B-4B61-917D-F1FE90215375}.Debug|Any CPU.Build.0 = Debug|Any CPU
		{C1DB3F54-E81B-4B61-917D-F1FE90215375}.Debug|Any CPU.Deploy.0 = Debug|Any CPU
		{C1DB3F54-E81B-4B61-917D-F1FE90215375}.Debug|ARM.ActiveCfg = Debug|Any CPU
		{C1DB3F54-E81B-4B61-917D-F1FE90215375}.Debug|ARM.Build.0 = Debug|Any CPU
		{C1DB3F54-E81B-4B61-917D-F1FE90215375}.Debug|ARM.Deploy.0 = Debug|Any CPU
		{C1DB3F54-E81B-4B61-917D-F1FE90215375}.Debug|iPhone.ActiveCfg = Debug|Any CPU
		{C1DB3F54-E81B-4B61-917D-F1FE90215375}.Debug|iPhone.Build.0 = Debug|Any CPU
		{C1DB3F54-E81B-4B61-917D-F1FE90215375}.Debug|iPhone.Deploy.0 = Debug|Any CPU
		{C1DB3F54-E81B-4B61-917D-F1FE90215375}.Debug|iPhoneSimulator.ActiveCfg = Debug|Any CPU
		{C1DB3F54-E81B-4B61-917D-F1FE90215375}.Debug|iPhoneSimulator.Build.0 = Debug|Any CPU
		{C1DB3F54-E81B-4B61-917D-F1FE90215375}.Debug|iPhoneSimulator.Deploy.0 = Debug|Any CPU
		{C1DB3F54-E81B-4B61-917D-F1FE90215375}.Debug|x64.ActiveCfg = Debug|Any CPU
		{C1DB3F54-E81B-4B61-917D-F1FE90215375}.Debug|x64.Build.0 = Debug|Any CPU
		{C1DB3F54-E81B-4B61-917D-F1FE90215375}.Debug|x64.Deploy.0 = Debug|Any CPU
		{C1DB3F54-E81B-4B61-917D-F1FE90215375}.Debug|x86.ActiveCfg = Debug|Any CPU
		{C1DB3F54-E81B-4B61-917D-F1FE90215375}.Debug|x86.Build.0 = Debug|Any CPU
		{C1DB3F54-E81B-4B61-917D-F1FE90215375}.Debug|x86.Deploy.0 = Debug|Any CPU
		{C1DB3F54-E81B-4B61-917D-F1FE90215375}.Release|Any CPU.ActiveCfg = Release|Any CPU
		{C1DB3F54-E81B-4B61-917D-F1FE90215375}.Release|Any CPU.Build.0 = Release|Any CPU
		{C1DB3F54-E81B-4B61-917D-F1FE90215375}.Release|Any CPU.Deploy.0 = Release|Any CPU
		{C1DB3F54-E81B-4B61-917D-F1FE90215375}.Release|ARM.ActiveCfg = Release|Any CPU
		{C1DB3F54-E81B-4B61-917D-F1FE90215375}.Release|ARM.Build.0 = Release|Any CPU
		{C1DB3F54-E81B-4B61-917D-F1FE90215375}.Release|ARM.Deploy.0 = Release|Any CPU
		{C1DB3F54-E81B-4B61-917D-F1FE90215375}.Release|iPhone.ActiveCfg = Release|Any CPU
		{C1DB3F54-E81B-4B61-917D-F1FE90215375}.Release|iPhone.Build.0 = Release|Any CPU
		{C1DB3F54-E81B-4B61-917D-F1FE90215375}.Release|iPhone.Deploy.0 = Release|Any CPU
		{C1DB3F54-E81B-4B61-917D-F1FE90215375}.Release|iPhoneSimulator.ActiveCfg = Release|Any CPU
		{C1DB3F54-E81B-4B61-917D-F1FE90215375}.Release|iPhoneSimulator.Build.0 = Release|Any CPU
		{C1DB3F54-E81B-4B61-917D-F1FE90215375}.Release|iPhoneSimulator.Deploy.0 = Release|Any CPU
		{C1DB3F54-E81B-4B61-917D-F1FE90215375}.Release|x64.ActiveCfg = Release|Any CPU
		{C1DB3F54-E81B-4B61-917D-F1FE90215375}.Release|x64.Build.0 = Release|Any CPU
		{C1DB3F54-E81B-4B61-917D-F1FE90215375}.Release|x64.Deploy.0 = Release|Any CPU
		{C1DB3F54-E81B-4B61-917D-F1FE90215375}.Release|x86.ActiveCfg = Release|Any CPU
		{C1DB3F54-E81B-4B61-917D-F1FE90215375}.Release|x86.Build.0 = Release|Any CPU
		{C1DB3F54-E81B-4B61-917D-F1FE90215375}.Release|x86.Deploy.0 = Release|Any CPU
		{D4CDA8F6-06E4-4E5E-8692-88513DC29F77}.Debug|Any CPU.ActiveCfg = Debug|iPhone
		{D4CDA8F6-06E4-4E5E-8692-88513DC29F77}.Debug|ARM.ActiveCfg = Debug|iPhone
		{D4CDA8F6-06E4-4E5E-8692-88513DC29F77}.Debug|iPhone.ActiveCfg = Debug|iPhone
		{D4CDA8F6-06E4-4E5E-8692-88513DC29F77}.Debug|iPhone.Build.0 = Debug|iPhone
		{D4CDA8F6-06E4-4E5E-8692-88513DC29F77}.Debug|iPhoneSimulator.ActiveCfg = Debug|iPhoneSimulator
		{D4CDA8F6-06E4-4E5E-8692-88513DC29F77}.Debug|iPhoneSimulator.Build.0 = Debug|iPhoneSimulator
		{D4CDA8F6-06E4-4E5E-8692-88513DC29F77}.Debug|x64.ActiveCfg = Debug|iPhone
		{D4CDA8F6-06E4-4E5E-8692-88513DC29F77}.Debug|x86.ActiveCfg = Debug|iPhone
		{D4CDA8F6-06E4-4E5E-8692-88513DC29F77}.Release|Any CPU.ActiveCfg = Release|iPhone
		{D4CDA8F6-06E4-4E5E-8692-88513DC29F77}.Release|ARM.ActiveCfg = Release|iPhone
		{D4CDA8F6-06E4-4E5E-8692-88513DC29F77}.Release|iPhone.ActiveCfg = Release|iPhone
		{D4CDA8F6-06E4-4E5E-8692-88513DC29F77}.Release|iPhone.Build.0 = Release|iPhone
		{D4CDA8F6-06E4-4E5E-8692-88513DC29F77}.Release|iPhoneSimulator.ActiveCfg = Release|iPhoneSimulator
		{D4CDA8F6-06E4-4E5E-8692-88513DC29F77}.Release|iPhoneSimulator.Build.0 = Release|iPhoneSimulator
		{D4CDA8F6-06E4-4E5E-8692-88513DC29F77}.Release|x64.ActiveCfg = Release|iPhone
		{D4CDA8F6-06E4-4E5E-8692-88513DC29F77}.Release|x86.ActiveCfg = Release|iPhone
		{FB56E3DA-E439-4AA5-BAF8-F937F9565EB5}.Debug|Any CPU.ActiveCfg = Debug|Any CPU
		{FB56E3DA-E439-4AA5-BAF8-F937F9565EB5}.Debug|Any CPU.Build.0 = Debug|Any CPU
		{FB56E3DA-E439-4AA5-BAF8-F937F9565EB5}.Debug|ARM.ActiveCfg = Debug|Any CPU
		{FB56E3DA-E439-4AA5-BAF8-F937F9565EB5}.Debug|ARM.Build.0 = Debug|Any CPU
		{FB56E3DA-E439-4AA5-BAF8-F937F9565EB5}.Debug|iPhone.ActiveCfg = Debug|Any CPU
		{FB56E3DA-E439-4AA5-BAF8-F937F9565EB5}.Debug|iPhone.Build.0 = Debug|Any CPU
		{FB56E3DA-E439-4AA5-BAF8-F937F9565EB5}.Debug|iPhoneSimulator.ActiveCfg = Debug|Any CPU
		{FB56E3DA-E439-4AA5-BAF8-F937F9565EB5}.Debug|iPhoneSimulator.Build.0 = Debug|Any CPU
		{FB56E3DA-E439-4AA5-BAF8-F937F9565EB5}.Debug|x64.ActiveCfg = Debug|Any CPU
		{FB56E3DA-E439-4AA5-BAF8-F937F9565EB5}.Debug|x64.Build.0 = Debug|Any CPU
		{FB56E3DA-E439-4AA5-BAF8-F937F9565EB5}.Debug|x86.ActiveCfg = Debug|Any CPU
		{FB56E3DA-E439-4AA5-BAF8-F937F9565EB5}.Debug|x86.Build.0 = Debug|Any CPU
		{FB56E3DA-E439-4AA5-BAF8-F937F9565EB5}.Release|Any CPU.ActiveCfg = Release|Any CPU
		{FB56E3DA-E439-4AA5-BAF8-F937F9565EB5}.Release|Any CPU.Build.0 = Release|Any CPU
		{FB56E3DA-E439-4AA5-BAF8-F937F9565EB5}.Release|ARM.ActiveCfg = Release|Any CPU
		{FB56E3DA-E439-4AA5-BAF8-F937F9565EB5}.Release|ARM.Build.0 = Release|Any CPU
		{FB56E3DA-E439-4AA5-BAF8-F937F9565EB5}.Release|iPhone.ActiveCfg = Release|Any CPU
		{FB56E3DA-E439-4AA5-BAF8-F937F9565EB5}.Release|iPhone.Build.0 = Release|Any CPU
		{FB56E3DA-E439-4AA5-BAF8-F937F9565EB5}.Release|iPhoneSimulator.ActiveCfg = Release|Any CPU
		{FB56E3DA-E439-4AA5-BAF8-F937F9565EB5}.Release|iPhoneSimulator.Build.0 = Release|Any CPU
		{FB56E3DA-E439-4AA5-BAF8-F937F9565EB5}.Release|x64.ActiveCfg = Release|Any CPU
		{FB56E3DA-E439-4AA5-BAF8-F937F9565EB5}.Release|x64.Build.0 = Release|Any CPU
		{FB56E3DA-E439-4AA5-BAF8-F937F9565EB5}.Release|x86.ActiveCfg = Release|Any CPU
		{FB56E3DA-E439-4AA5-BAF8-F937F9565EB5}.Release|x86.Build.0 = Release|Any CPU
	EndGlobalSection
	GlobalSection(SolutionProperties) = preSolution
		HideSolutionNode = FALSE
	EndGlobalSection
	GlobalSection(NestedProjects) = preSolution
		{7641CE41-F744-4E87-BE78-3B6B5C384F4D} = {E9FC883D-C62D-4FE4-8085-285672F0A349}
		{C1DB3F54-E81B-4B61-917D-F1FE90215375} = {E9FC883D-C62D-4FE4-8085-285672F0A349}
		{D4CDA8F6-06E4-4E5E-8692-88513DC29F77} = {E9FC883D-C62D-4FE4-8085-285672F0A349}
		{FB56E3DA-E439-4AA5-BAF8-F937F9565EB5} = {E9FC883D-C62D-4FE4-8085-285672F0A349}
	EndGlobalSection
	GlobalSection(ExtensibilityGlobals) = postSolution
		SolutionGuid = {BD0A562B-999C-4E23-BF8A-FF528051E496}
	EndGlobalSection
EndGlobal
